// !$*UTF8*$!
{
	archiveVersion = 1;
	classes = {
	};
	objectVersion = 46;
	objects = {

/* Begin PBXBuildFile section */
		A40ACE9818B184F300059AA1 /* light blue wallpaper hd.jpg in Resources */ = {isa = PBXBuildFile; fileRef = A40ACE9718B184F300059AA1 /* light blue wallpaper hd.jpg */; };
		A415D38118B5B1790046682F /* .gitignore in Resources */ = {isa = PBXBuildFile; fileRef = A415D35918B5B1790046682F /* .gitignore */; };
		A415D38218B5B1790046682F /* Appirater.m in Sources */ = {isa = PBXBuildFile; fileRef = A415D35B18B5B1790046682F /* Appirater.m */; };
		A415D38318B5B1790046682F /* Appirater.podspec in Resources */ = {isa = PBXBuildFile; fileRef = A415D35C18B5B1790046682F /* Appirater.podspec */; };
		A415D38418B5B1790046682F /* AppiraterLocalizable.strings in Resources */ = {isa = PBXBuildFile; fileRef = A415D35E18B5B1790046682F /* AppiraterLocalizable.strings */; };
		A415D38518B5B1790046682F /* CHANGELOG.md in Resources */ = {isa = PBXBuildFile; fileRef = A415D36118B5B1790046682F /* CHANGELOG.md */; };
		A415D38618B5B1790046682F /* README.md in Resources */ = {isa = PBXBuildFile; fileRef = A415D37618B5B1790046682F /* README.md */; };
		A433FB5318B944D000A6738B /* testfile.txt in Resources */ = {isa = PBXBuildFile; fileRef = A433FB5218B944D000A6738B /* testfile.txt */; };
		A450095419102259006B249C /* image.png in Resources */ = {isa = PBXBuildFile; fileRef = A450095319102259006B249C /* image.png */; };
		A4500956191023B6006B249C /* image2.png in Resources */ = {isa = PBXBuildFile; fileRef = A4500955191023B6006B249C /* image2.png */; };
		A450099019103670006B249C /* Pixels-Color-Shades-Light-1136x640.jpg in Resources */ = {isa = PBXBuildFile; fileRef = A450098F19103670006B249C /* Pixels-Color-Shades-Light-1136x640.jpg */; };
		A450099519129919006B249C /* Default.png in Resources */ = {isa = PBXBuildFile; fileRef = A450099419129919006B249C /* Default.png */; };
		A45009A1191916A3006B249C /* Icon-72.png in Resources */ = {isa = PBXBuildFile; fileRef = A4500997191916A3006B249C /* Icon-72.png */; };
		A45009A2191916A3006B249C /* Icon-72@2x.png in Resources */ = {isa = PBXBuildFile; fileRef = A4500998191916A3006B249C /* Icon-72@2x.png */; };
		A45009A3191916A3006B249C /* Icon-Small-50.png in Resources */ = {isa = PBXBuildFile; fileRef = A4500999191916A3006B249C /* Icon-Small-50.png */; };
		A45009A4191916A3006B249C /* Icon-Small-50@2x.png in Resources */ = {isa = PBXBuildFile; fileRef = A450099A191916A3006B249C /* Icon-Small-50@2x.png */; };
		A45009A5191916A3006B249C /* Icon-Small.png in Resources */ = {isa = PBXBuildFile; fileRef = A450099B191916A3006B249C /* Icon-Small.png */; };
		A45009A6191916A3006B249C /* Icon-Small@2x.png in Resources */ = {isa = PBXBuildFile; fileRef = A450099C191916A3006B249C /* Icon-Small@2x.png */; };
		A45009A7191916A3006B249C /* Icon.png in Resources */ = {isa = PBXBuildFile; fileRef = A450099D191916A3006B249C /* Icon.png */; };
		A45009A8191916A3006B249C /* Icon@2x.png in Resources */ = {isa = PBXBuildFile; fileRef = A450099E191916A3006B249C /* Icon@2x.png */; };
		A45009A9191916A3006B249C /* iTunesArtwork.png in Resources */ = {isa = PBXBuildFile; fileRef = A450099F191916A3006B249C /* iTunesArtwork.png */; };
		A45009AA191916A3006B249C /* iTunesArtwork@2x.png in Resources */ = {isa = PBXBuildFile; fileRef = A45009A0191916A3006B249C /* iTunesArtwork@2x.png */; };
		A45009BC191916AA006B249C /* Icon-40.png in Resources */ = {isa = PBXBuildFile; fileRef = A45009AC191916AA006B249C /* Icon-40.png */; };
		A45009BD191916AA006B249C /* Icon-40@2x.png in Resources */ = {isa = PBXBuildFile; fileRef = A45009AD191916AA006B249C /* Icon-40@2x.png */; };
		A45009BE191916AA006B249C /* Icon-60.png in Resources */ = {isa = PBXBuildFile; fileRef = A45009AE191916AA006B249C /* Icon-60.png */; };
		A45009BF191916AA006B249C /* Icon-60@2x.png in Resources */ = {isa = PBXBuildFile; fileRef = A45009AF191916AA006B249C /* Icon-60@2x.png */; };
		A45009C0191916AA006B249C /* Icon-72.png in Resources */ = {isa = PBXBuildFile; fileRef = A45009B0191916AA006B249C /* Icon-72.png */; };
		A45009C1191916AA006B249C /* Icon-72@2x.png in Resources */ = {isa = PBXBuildFile; fileRef = A45009B1191916AA006B249C /* Icon-72@2x.png */; };
		A45009C2191916AA006B249C /* Icon-76.png in Resources */ = {isa = PBXBuildFile; fileRef = A45009B2191916AA006B249C /* Icon-76.png */; };
		A45009C3191916AA006B249C /* Icon-76@2x.png in Resources */ = {isa = PBXBuildFile; fileRef = A45009B3191916AA006B249C /* Icon-76@2x.png */; };
		A45009C4191916AA006B249C /* Icon-Small-50.png in Resources */ = {isa = PBXBuildFile; fileRef = A45009B4191916AA006B249C /* Icon-Small-50.png */; };
		A45009C5191916AA006B249C /* Icon-Small-50@2x.png in Resources */ = {isa = PBXBuildFile; fileRef = A45009B5191916AA006B249C /* Icon-Small-50@2x.png */; };
		A45009C6191916AA006B249C /* Icon-Small.png in Resources */ = {isa = PBXBuildFile; fileRef = A45009B6191916AA006B249C /* Icon-Small.png */; };
		A45009C7191916AA006B249C /* Icon-Small@2x.png in Resources */ = {isa = PBXBuildFile; fileRef = A45009B7191916AA006B249C /* Icon-Small@2x.png */; };
		A45009C8191916AA006B249C /* Icon.png in Resources */ = {isa = PBXBuildFile; fileRef = A45009B8191916AA006B249C /* Icon.png */; };
		A45009C9191916AA006B249C /* Icon@2x.png in Resources */ = {isa = PBXBuildFile; fileRef = A45009B9191916AA006B249C /* Icon@2x.png */; };
		A45009CA191916AA006B249C /* iTunesArtwork.png in Resources */ = {isa = PBXBuildFile; fileRef = A45009BA191916AA006B249C /* iTunesArtwork.png */; };
		A45009CB191916AA006B249C /* iTunesArtwork@2x.png in Resources */ = {isa = PBXBuildFile; fileRef = A45009BB191916AA006B249C /* iTunesArtwork@2x.png */; };
		A45009D0191942AB006B249C /* About.m in Sources */ = {isa = PBXBuildFile; fileRef = A45009CF191942AB006B249C /* About.m */; };
		A497397918C3D4FC008D4D67 /* profDetailViewViewController.m in Sources */ = {isa = PBXBuildFile; fileRef = A497397818C3D4FC008D4D67 /* profDetailViewViewController.m */; };
		A497397C18C3D7EC008D4D67 /* profSearchView.m in Sources */ = {isa = PBXBuildFile; fileRef = A497397B18C3D7EC008D4D67 /* profSearchView.m */; };
		A497398618C42F41008D4D67 /* search.png in Resources */ = {isa = PBXBuildFile; fileRef = A497398518C42F41008D4D67 /* search.png */; };
		A497399518C4579F008D4D67 /* SettingViewController.m in Sources */ = {isa = PBXBuildFile; fileRef = A497399418C4579F008D4D67 /* SettingViewController.m */; };
		A49739B418C51A9B008D4D67 /* background3.jpg in Resources */ = {isa = PBXBuildFile; fileRef = A49739B318C51A9B008D4D67 /* background3.jpg */; };
		A49739B618C51AA4008D4D67 /* background4.jpg in Resources */ = {isa = PBXBuildFile; fileRef = A49739B518C51AA4008D4D67 /* background4.jpg */; };
		A49739B818C51AAC008D4D67 /* background2.jpg in Resources */ = {isa = PBXBuildFile; fileRef = A49739B718C51AAC008D4D67 /* background2.jpg */; };
		A49739BA18C557BA008D4D67 /* hotness.png in Resources */ = {isa = PBXBuildFile; fileRef = A49739B918C557BA008D4D67 /* hotness.png */; };
		A4AC064518AEE94100012FE5 /* background pic.jpg in Resources */ = {isa = PBXBuildFile; fileRef = A4AC064418AEE94100012FE5 /* background pic.jpg */; };
		A4F5E27118B5578600147B04 /* waterloo_prof.txt in Resources */ = {isa = PBXBuildFile; fileRef = A4F5E26B18B5578600147B04 /* waterloo_prof.txt */; };
		A4F5E27218B5578600147B04 /* ut_mgmt.txt in Resources */ = {isa = PBXBuildFile; fileRef = A4F5E26C18B5578600147B04 /* ut_mgmt.txt */; };
		A4F5E27318B5578600147B04 /* utm.txt in Resources */ = {isa = PBXBuildFile; fileRef = A4F5E26D18B5578600147B04 /* utm.txt */; };
		A4F5E27418B5578600147B04 /* ut.txt in Resources */ = {isa = PBXBuildFile; fileRef = A4F5E26E18B5578600147B04 /* ut.txt */; };
		A4F5E27518B5578600147B04 /* utsg.txt in Resources */ = {isa = PBXBuildFile; fileRef = A4F5E26F18B5578600147B04 /* utsg.txt */; };
		A4F5E27618B5578600147B04 /* utsc.txt in Resources */ = {isa = PBXBuildFile; fileRef = A4F5E27018B5578600147B04 /* utsc.txt */; };
		E85FCBB3189C26470085F929 /* Foundation.framework in Frameworks */ = {isa = PBXBuildFile; fileRef = E85FCBB2189C26470085F929 /* Foundation.framework */; };
		E85FCBB5189C26470085F929 /* CoreGraphics.framework in Frameworks */ = {isa = PBXBuildFile; fileRef = E85FCBB4189C26470085F929 /* CoreGraphics.framework */; };
		E85FCBB7189C26470085F929 /* UIKit.framework in Frameworks */ = {isa = PBXBuildFile; fileRef = E85FCBB6189C26470085F929 /* UIKit.framework */; };
		E85FCBBD189C26470085F929 /* InfoPlist.strings in Resources */ = {isa = PBXBuildFile; fileRef = E85FCBBB189C26470085F929 /* InfoPlist.strings */; };
		E85FCBBF189C26470085F929 /* main.m in Sources */ = {isa = PBXBuildFile; fileRef = E85FCBBE189C26470085F929 /* main.m */; };
		E85FCBC3189C26470085F929 /* AppDelegate.m in Sources */ = {isa = PBXBuildFile; fileRef = E85FCBC2189C26470085F929 /* AppDelegate.m */; };
		E85FCBC6189C26470085F929 /* Main.storyboard in Resources */ = {isa = PBXBuildFile; fileRef = E85FCBC4189C26470085F929 /* Main.storyboard */; };
		E85FCBCB189C26470085F929 /* Images.xcassets in Resources */ = {isa = PBXBuildFile; fileRef = E85FCBCA189C26470085F929 /* Images.xcassets */; };
		E85FCBD2189C26470085F929 /* XCTest.framework in Frameworks */ = {isa = PBXBuildFile; fileRef = E85FCBD1189C26470085F929 /* XCTest.framework */; };
		E85FCBD3189C26470085F929 /* Foundation.framework in Frameworks */ = {isa = PBXBuildFile; fileRef = E85FCBB2189C26470085F929 /* Foundation.framework */; };
		E85FCBD4189C26470085F929 /* UIKit.framework in Frameworks */ = {isa = PBXBuildFile; fileRef = E85FCBB6189C26470085F929 /* UIKit.framework */; };
		E85FCBDC189C26470085F929 /* InfoPlist.strings in Resources */ = {isa = PBXBuildFile; fileRef = E85FCBDA189C26470085F929 /* InfoPlist.strings */; };
		E85FCBDE189C26470085F929 /* watcherTests.m in Sources */ = {isa = PBXBuildFile; fileRef = E85FCBDD189C26470085F929 /* watcherTests.m */; };
		E85FCBE9189C26C30085F929 /* TableViewController.m in Sources */ = {isa = PBXBuildFile; fileRef = E85FCBE8189C26C30085F929 /* TableViewController.m */; };
		E8AA25CA18E202730077085B /* Setting.m in Sources */ = {isa = PBXBuildFile; fileRef = E8AA25C918E202730077085B /* Setting.m */; };
		E8AB719618A7F4BF007F3773 /* AddNewCourseViewController.m in Sources */ = {isa = PBXBuildFile; fileRef = E8AB719518A7F4BF007F3773 /* AddNewCourseViewController.m */; };
		E8AB719918A82904007F3773 /* staticData.m in Sources */ = {isa = PBXBuildFile; fileRef = E8AB719818A82904007F3773 /* staticData.m */; };
		E8AB71A218A9F380007F3773 /* SectionDetailsViewController.m in Sources */ = {isa = PBXBuildFile; fileRef = E8AB71A118A9F380007F3773 /* SectionDetailsViewController.m */; };
		E8AC2EA918DE1E55002E9D5E /* NSString+Levenshtein.m in Sources */ = {isa = PBXBuildFile; fileRef = E8AC2EA818DE1E55002E9D5E /* NSString+Levenshtein.m */; };
		E8AC2EAB18DE28A9002E9D5E /* prof_name.txt in Resources */ = {isa = PBXBuildFile; fileRef = E8AC2EAA18DE28A9002E9D5E /* prof_name.txt */; };
		E8E2EE6F189C3C970080DDCB /* AddTableViewController.m in Sources */ = {isa = PBXBuildFile; fileRef = E8E2EE6E189C3C970080DDCB /* AddTableViewController.m */; };
/* End PBXBuildFile section */

/* Begin PBXContainerItemProxy section */
		E85FCBD5189C26470085F929 /* PBXContainerItemProxy */ = {
			isa = PBXContainerItemProxy;
			containerPortal = E85FCBA7189C26470085F929 /* Project object */;
			proxyType = 1;
			remoteGlobalIDString = E85FCBAE189C26470085F929;
			remoteInfo = watcher;
		};
/* End PBXContainerItemProxy section */

/* Begin PBXFileReference section */
		A40ACE9718B184F300059AA1 /* light blue wallpaper hd.jpg */ = {isa = PBXFileReference; lastKnownFileType = image.jpeg; path = "light blue wallpaper hd.jpg"; sourceTree = SOURCE_ROOT; };
		A415D35918B5B1790046682F /* .gitignore */ = {isa = PBXFileReference; fileEncoding = 4; lastKnownFileType = text; path = .gitignore; sourceTree = "<group>"; };
		A415D35A18B5B1790046682F /* Appirater.h */ = {isa = PBXFileReference; fileEncoding = 4; lastKnownFileType = sourcecode.c.h; path = Appirater.h; sourceTree = "<group>"; };
		A415D35B18B5B1790046682F /* Appirater.m */ = {isa = PBXFileReference; fileEncoding = 4; lastKnownFileType = sourcecode.c.objc; path = Appirater.m; sourceTree = "<group>"; };
		A415D35C18B5B1790046682F /* Appirater.podspec */ = {isa = PBXFileReference; fileEncoding = 4; lastKnownFileType = text; path = Appirater.podspec; sourceTree = "<group>"; };
		A415D35D18B5B1790046682F /* AppiraterDelegate.h */ = {isa = PBXFileReference; fileEncoding = 4; lastKnownFileType = sourcecode.c.h; path = AppiraterDelegate.h; sourceTree = "<group>"; };
		A415D35F18B5B1790046682F /* ar */ = {isa = PBXFileReference; lastKnownFileType = text.plist.strings; name = ar; path = ar.lproj/AppiraterLocalizable.strings; sourceTree = "<group>"; };
		A415D36018B5B1790046682F /* ca */ = {isa = PBXFileReference; lastKnownFileType = text.plist.strings; name = ca; path = ca.lproj/AppiraterLocalizable.strings; sourceTree = "<group>"; };
		A415D36118B5B1790046682F /* CHANGELOG.md */ = {isa = PBXFileReference; fileEncoding = 4; lastKnownFileType = text; path = CHANGELOG.md; sourceTree = "<group>"; };
		A415D36218B5B1790046682F /* cs */ = {isa = PBXFileReference; lastKnownFileType = text.plist.strings; name = cs; path = cs.lproj/AppiraterLocalizable.strings; sourceTree = "<group>"; };
		A415D36318B5B1790046682F /* da */ = {isa = PBXFileReference; lastKnownFileType = text.plist.strings; name = da; path = da.lproj/AppiraterLocalizable.strings; sourceTree = "<group>"; };
		A415D36418B5B1790046682F /* de */ = {isa = PBXFileReference; lastKnownFileType = text.plist.strings; name = de; path = de.lproj/AppiraterLocalizable.strings; sourceTree = "<group>"; };
		A415D36518B5B1790046682F /* el */ = {isa = PBXFileReference; lastKnownFileType = text.plist.strings; name = el; path = el.lproj/AppiraterLocalizable.strings; sourceTree = "<group>"; };
		A415D36618B5B1790046682F /* en */ = {isa = PBXFileReference; lastKnownFileType = text.plist.strings; name = en; path = en.lproj/AppiraterLocalizable.strings; sourceTree = "<group>"; };
		A415D36718B5B1790046682F /* es */ = {isa = PBXFileReference; lastKnownFileType = text.plist.strings; name = es; path = es.lproj/AppiraterLocalizable.strings; sourceTree = "<group>"; };
		A415D36818B5B1790046682F /* fi */ = {isa = PBXFileReference; lastKnownFileType = text.plist.strings; name = fi; path = fi.lproj/AppiraterLocalizable.strings; sourceTree = "<group>"; };
		A415D36918B5B1790046682F /* fr */ = {isa = PBXFileReference; lastKnownFileType = text.plist.strings; name = fr; path = fr.lproj/AppiraterLocalizable.strings; sourceTree = "<group>"; };
		A415D36A18B5B1790046682F /* he */ = {isa = PBXFileReference; lastKnownFileType = text.plist.strings; name = he; path = he.lproj/AppiraterLocalizable.strings; sourceTree = "<group>"; };
		A415D36B18B5B1790046682F /* hu */ = {isa = PBXFileReference; lastKnownFileType = text.plist.strings; name = hu; path = hu.lproj/AppiraterLocalizable.strings; sourceTree = "<group>"; };
		A415D36C18B5B1790046682F /* id */ = {isa = PBXFileReference; lastKnownFileType = text.plist.strings; name = id; path = id.lproj/AppiraterLocalizable.strings; sourceTree = "<group>"; };
		A415D36D18B5B1790046682F /* it */ = {isa = PBXFileReference; lastKnownFileType = text.plist.strings; name = it; path = it.lproj/AppiraterLocalizable.strings; sourceTree = "<group>"; };
		A415D36E18B5B1790046682F /* ja */ = {isa = PBXFileReference; lastKnownFileType = text.plist.strings; name = ja; path = ja.lproj/AppiraterLocalizable.strings; sourceTree = "<group>"; };
		A415D36F18B5B1790046682F /* ko */ = {isa = PBXFileReference; lastKnownFileType = text.plist.strings; name = ko; path = ko.lproj/AppiraterLocalizable.strings; sourceTree = "<group>"; };
		A415D37018B5B1790046682F /* ms */ = {isa = PBXFileReference; lastKnownFileType = text.plist.strings; name = ms; path = ms.lproj/AppiraterLocalizable.strings; sourceTree = "<group>"; };
		A415D37118B5B1790046682F /* nb */ = {isa = PBXFileReference; lastKnownFileType = text.plist.strings; name = nb; path = nb.lproj/AppiraterLocalizable.strings; sourceTree = "<group>"; };
		A415D37218B5B1790046682F /* nl */ = {isa = PBXFileReference; lastKnownFileType = text.plist.strings; name = nl; path = nl.lproj/AppiraterLocalizable.strings; sourceTree = "<group>"; };
		A415D37318B5B1790046682F /* pl */ = {isa = PBXFileReference; lastKnownFileType = text.plist.strings; name = pl; path = pl.lproj/AppiraterLocalizable.strings; sourceTree = "<group>"; };
		A415D37418B5B1790046682F /* pt-BR */ = {isa = PBXFileReference; lastKnownFileType = text.plist.strings; name = "pt-BR"; path = "pt-BR.lproj/AppiraterLocalizable.strings"; sourceTree = "<group>"; };
		A415D37518B5B1790046682F /* pt */ = {isa = PBXFileReference; lastKnownFileType = text.plist.strings; name = pt; path = pt.lproj/AppiraterLocalizable.strings; sourceTree = "<group>"; };
		A415D37618B5B1790046682F /* README.md */ = {isa = PBXFileReference; fileEncoding = 4; lastKnownFileType = text; path = README.md; sourceTree = "<group>"; };
		A415D37718B5B1790046682F /* ro */ = {isa = PBXFileReference; lastKnownFileType = text.plist.strings; name = ro; path = ro.lproj/AppiraterLocalizable.strings; sourceTree = "<group>"; };
		A415D37818B5B1790046682F /* ru */ = {isa = PBXFileReference; lastKnownFileType = text.plist.strings; name = ru; path = ru.lproj/AppiraterLocalizable.strings; sourceTree = "<group>"; };
		A415D37918B5B1790046682F /* sk */ = {isa = PBXFileReference; lastKnownFileType = text.plist.strings; name = sk; path = sk.lproj/AppiraterLocalizable.strings; sourceTree = "<group>"; };
		A415D37A18B5B1790046682F /* sv */ = {isa = PBXFileReference; lastKnownFileType = text.plist.strings; name = sv; path = sv.lproj/AppiraterLocalizable.strings; sourceTree = "<group>"; };
		A415D37B18B5B1790046682F /* th */ = {isa = PBXFileReference; lastKnownFileType = text.plist.strings; name = th; path = th.lproj/AppiraterLocalizable.strings; sourceTree = "<group>"; };
		A415D37C18B5B1790046682F /* tr */ = {isa = PBXFileReference; lastKnownFileType = text.plist.strings; name = tr; path = tr.lproj/AppiraterLocalizable.strings; sourceTree = "<group>"; };
		A415D37D18B5B1790046682F /* ua */ = {isa = PBXFileReference; lastKnownFileType = text.plist.strings; name = ua; path = ua.lproj/AppiraterLocalizable.strings; sourceTree = "<group>"; };
		A415D37E18B5B1790046682F /* vi */ = {isa = PBXFileReference; lastKnownFileType = text.plist.strings; name = vi; path = vi.lproj/AppiraterLocalizable.strings; sourceTree = "<group>"; };
		A415D37F18B5B1790046682F /* zh-Hans */ = {isa = PBXFileReference; lastKnownFileType = text.plist.strings; name = "zh-Hans"; path = "zh-Hans.lproj/AppiraterLocalizable.strings"; sourceTree = "<group>"; };
		A415D38018B5B1790046682F /* zh-Hant */ = {isa = PBXFileReference; lastKnownFileType = text.plist.strings; name = "zh-Hant"; path = "zh-Hant.lproj/AppiraterLocalizable.strings"; sourceTree = "<group>"; };
		A433FB5218B944D000A6738B /* testfile.txt */ = {isa = PBXFileReference; fileEncoding = 4; lastKnownFileType = text; path = testfile.txt; sourceTree = "<group>"; };
		A450095319102259006B249C /* image.png */ = {isa = PBXFileReference; lastKnownFileType = image.png; name = image.png; path = watcher/image.png; sourceTree = "<group>"; };
		A4500955191023B6006B249C /* image2.png */ = {isa = PBXFileReference; lastKnownFileType = image.png; name = image2.png; path = watcher/image2.png; sourceTree = "<group>"; };
		A450098F19103670006B249C /* Pixels-Color-Shades-Light-1136x640.jpg */ = {isa = PBXFileReference; lastKnownFileType = image.jpeg; path = "Pixels-Color-Shades-Light-1136x640.jpg"; sourceTree = "<group>"; };
		A450099119103816006B249C /* Default-568h@2x.png */ = {isa = PBXFileReference; lastKnownFileType = image.png; name = "Default-568h@2x.png"; path = "watcher/Default-568h@2x.png"; sourceTree = "<group>"; };
		A450099419129919006B249C /* Default.png */ = {isa = PBXFileReference; lastKnownFileType = image.png; name = Default.png; path = watcher/Default.png; sourceTree = "<group>"; };
		A4500997191916A3006B249C /* Icon-72.png */ = {isa = PBXFileReference; lastKnownFileType = image.png; path = "Icon-72.png"; sourceTree = "<group>"; };
		A4500998191916A3006B249C /* Icon-72@2x.png */ = {isa = PBXFileReference; lastKnownFileType = image.png; path = "Icon-72@2x.png"; sourceTree = "<group>"; };
		A4500999191916A3006B249C /* Icon-Small-50.png */ = {isa = PBXFileReference; lastKnownFileType = image.png; path = "Icon-Small-50.png"; sourceTree = "<group>"; };
		A450099A191916A3006B249C /* Icon-Small-50@2x.png */ = {isa = PBXFileReference; lastKnownFileType = image.png; path = "Icon-Small-50@2x.png"; sourceTree = "<group>"; };
		A450099B191916A3006B249C /* Icon-Small.png */ = {isa = PBXFileReference; lastKnownFileType = image.png; path = "Icon-Small.png"; sourceTree = "<group>"; };
		A450099C191916A3006B249C /* Icon-Small@2x.png */ = {isa = PBXFileReference; lastKnownFileType = image.png; path = "Icon-Small@2x.png"; sourceTree = "<group>"; };
		A450099D191916A3006B249C /* Icon.png */ = {isa = PBXFileReference; lastKnownFileType = image.png; path = Icon.png; sourceTree = "<group>"; };
		A450099E191916A3006B249C /* Icon@2x.png */ = {isa = PBXFileReference; lastKnownFileType = image.png; path = "Icon@2x.png"; sourceTree = "<group>"; };
		A450099F191916A3006B249C /* iTunesArtwork.png */ = {isa = PBXFileReference; lastKnownFileType = image.png; path = iTunesArtwork.png; sourceTree = "<group>"; };
		A45009A0191916A3006B249C /* iTunesArtwork@2x.png */ = {isa = PBXFileReference; lastKnownFileType = image.png; path = "iTunesArtwork@2x.png"; sourceTree = "<group>"; };
		A45009AC191916AA006B249C /* Icon-40.png */ = {isa = PBXFileReference; lastKnownFileType = image.png; path = "Icon-40.png"; sourceTree = "<group>"; };
		A45009AD191916AA006B249C /* Icon-40@2x.png */ = {isa = PBXFileReference; lastKnownFileType = image.png; path = "Icon-40@2x.png"; sourceTree = "<group>"; };
		A45009AE191916AA006B249C /* Icon-60.png */ = {isa = PBXFileReference; lastKnownFileType = image.png; path = "Icon-60.png"; sourceTree = "<group>"; };
		A45009AF191916AA006B249C /* Icon-60@2x.png */ = {isa = PBXFileReference; lastKnownFileType = image.png; path = "Icon-60@2x.png"; sourceTree = "<group>"; };
		A45009B0191916AA006B249C /* Icon-72.png */ = {isa = PBXFileReference; lastKnownFileType = image.png; path = "Icon-72.png"; sourceTree = "<group>"; };
		A45009B1191916AA006B249C /* Icon-72@2x.png */ = {isa = PBXFileReference; lastKnownFileType = image.png; path = "Icon-72@2x.png"; sourceTree = "<group>"; };
		A45009B2191916AA006B249C /* Icon-76.png */ = {isa = PBXFileReference; lastKnownFileType = image.png; path = "Icon-76.png"; sourceTree = "<group>"; };
		A45009B3191916AA006B249C /* Icon-76@2x.png */ = {isa = PBXFileReference; lastKnownFileType = image.png; path = "Icon-76@2x.png"; sourceTree = "<group>"; };
		A45009B4191916AA006B249C /* Icon-Small-50.png */ = {isa = PBXFileReference; lastKnownFileType = image.png; path = "Icon-Small-50.png"; sourceTree = "<group>"; };
		A45009B5191916AA006B249C /* Icon-Small-50@2x.png */ = {isa = PBXFileReference; lastKnownFileType = image.png; path = "Icon-Small-50@2x.png"; sourceTree = "<group>"; };
		A45009B6191916AA006B249C /* Icon-Small.png */ = {isa = PBXFileReference; lastKnownFileType = image.png; path = "Icon-Small.png"; sourceTree = "<group>"; };
		A45009B7191916AA006B249C /* Icon-Small@2x.png */ = {isa = PBXFileReference; lastKnownFileType = image.png; path = "Icon-Small@2x.png"; sourceTree = "<group>"; };
		A45009B8191916AA006B249C /* Icon.png */ = {isa = PBXFileReference; lastKnownFileType = image.png; path = Icon.png; sourceTree = "<group>"; };
		A45009B9191916AA006B249C /* Icon@2x.png */ = {isa = PBXFileReference; lastKnownFileType = image.png; path = "Icon@2x.png"; sourceTree = "<group>"; };
		A45009BA191916AA006B249C /* iTunesArtwork.png */ = {isa = PBXFileReference; lastKnownFileType = image.png; path = iTunesArtwork.png; sourceTree = "<group>"; };
		A45009BB191916AA006B249C /* iTunesArtwork@2x.png */ = {isa = PBXFileReference; lastKnownFileType = image.png; path = "iTunesArtwork@2x.png"; sourceTree = "<group>"; };
		A45009CC19193C14006B249C /* Default-568h@2x.png */ = {isa = PBXFileReference; lastKnownFileType = image.png; name = "Default-568h@2x.png"; path = "watcher/Default-568h@2x.png"; sourceTree = "<group>"; };
		A45009CD19193C22006B249C /* Default-568h@2x.png */ = {isa = PBXFileReference; lastKnownFileType = image.png; name = "Default-568h@2x.png"; path = "watcher/Default-568h@2x.png"; sourceTree = "<group>"; };
		A45009CE191942AB006B249C /* About.h */ = {isa = PBXFileReference; fileEncoding = 4; lastKnownFileType = sourcecode.c.h; path = About.h; sourceTree = "<group>"; };
		A45009CF191942AB006B249C /* About.m */ = {isa = PBXFileReference; fileEncoding = 4; lastKnownFileType = sourcecode.c.objc; path = About.m; sourceTree = "<group>"; };
		A497397718C3D4FC008D4D67 /* profDetailViewViewController.h */ = {isa = PBXFileReference; fileEncoding = 4; lastKnownFileType = sourcecode.c.h; path = profDetailViewViewController.h; sourceTree = "<group>"; };
		A497397818C3D4FC008D4D67 /* profDetailViewViewController.m */ = {isa = PBXFileReference; fileEncoding = 4; lastKnownFileType = sourcecode.c.objc; path = profDetailViewViewController.m; sourceTree = "<group>"; };
		A497397A18C3D7EC008D4D67 /* profSearchView.h */ = {isa = PBXFileReference; fileEncoding = 4; lastKnownFileType = sourcecode.c.h; path = profSearchView.h; sourceTree = "<group>"; };
		A497397B18C3D7EC008D4D67 /* profSearchView.m */ = {isa = PBXFileReference; fileEncoding = 4; lastKnownFileType = sourcecode.c.objc; path = profSearchView.m; sourceTree = "<group>"; };
		A497398518C42F41008D4D67 /* search.png */ = {isa = PBXFileReference; lastKnownFileType = image.png; path = search.png; sourceTree = "<group>"; };
		A497399318C4579F008D4D67 /* SettingViewController.h */ = {isa = PBXFileReference; fileEncoding = 4; lastKnownFileType = sourcecode.c.h; path = SettingViewController.h; sourceTree = "<group>"; };
		A497399418C4579F008D4D67 /* SettingViewController.m */ = {isa = PBXFileReference; fileEncoding = 4; lastKnownFileType = sourcecode.c.objc; path = SettingViewController.m; sourceTree = "<group>"; };
		A49739B318C51A9B008D4D67 /* background3.jpg */ = {isa = PBXFileReference; lastKnownFileType = image.jpeg; path = background3.jpg; sourceTree = "<group>"; };
		A49739B518C51AA4008D4D67 /* background4.jpg */ = {isa = PBXFileReference; lastKnownFileType = image.jpeg; path = background4.jpg; sourceTree = "<group>"; };
		A49739B718C51AAC008D4D67 /* background2.jpg */ = {isa = PBXFileReference; lastKnownFileType = image.jpeg; path = background2.jpg; sourceTree = "<group>"; };
		A49739B918C557BA008D4D67 /* hotness.png */ = {isa = PBXFileReference; lastKnownFileType = image.png; path = hotness.png; sourceTree = "<group>"; };
		A4AC064418AEE94100012FE5 /* background pic.jpg */ = {isa = PBXFileReference; lastKnownFileType = image.jpeg; path = "background pic.jpg"; sourceTree = SOURCE_ROOT; };
		A4F5E26B18B5578600147B04 /* waterloo_prof.txt */ = {isa = PBXFileReference; fileEncoding = 4; lastKnownFileType = text; path = waterloo_prof.txt; sourceTree = "<group>"; };
		A4F5E26C18B5578600147B04 /* ut_mgmt.txt */ = {isa = PBXFileReference; fileEncoding = 4; lastKnownFileType = text; path = ut_mgmt.txt; sourceTree = "<group>"; };
		A4F5E26D18B5578600147B04 /* utm.txt */ = {isa = PBXFileReference; fileEncoding = 4; lastKnownFileType = text; path = utm.txt; sourceTree = "<group>"; };
		A4F5E26E18B5578600147B04 /* ut.txt */ = {isa = PBXFileReference; fileEncoding = 4; lastKnownFileType = text; path = ut.txt; sourceTree = "<group>"; };
		A4F5E26F18B5578600147B04 /* utsg.txt */ = {isa = PBXFileReference; fileEncoding = 4; lastKnownFileType = text; path = utsg.txt; sourceTree = "<group>"; };
		A4F5E27018B5578600147B04 /* utsc.txt */ = {isa = PBXFileReference; fileEncoding = 4; lastKnownFileType = text; path = utsc.txt; sourceTree = "<group>"; };
		E85FCBAF189C26470085F929 /* watcher.app */ = {isa = PBXFileReference; explicitFileType = wrapper.application; includeInIndex = 0; path = watcher.app; sourceTree = BUILT_PRODUCTS_DIR; };
		E85FCBB2189C26470085F929 /* Foundation.framework */ = {isa = PBXFileReference; lastKnownFileType = wrapper.framework; name = Foundation.framework; path = System/Library/Frameworks/Foundation.framework; sourceTree = SDKROOT; };
		E85FCBB4189C26470085F929 /* CoreGraphics.framework */ = {isa = PBXFileReference; lastKnownFileType = wrapper.framework; name = CoreGraphics.framework; path = System/Library/Frameworks/CoreGraphics.framework; sourceTree = SDKROOT; };
		E85FCBB6189C26470085F929 /* UIKit.framework */ = {isa = PBXFileReference; lastKnownFileType = wrapper.framework; name = UIKit.framework; path = System/Library/Frameworks/UIKit.framework; sourceTree = SDKROOT; };
		E85FCBBA189C26470085F929 /* watcher-Info.plist */ = {isa = PBXFileReference; lastKnownFileType = text.plist.xml; path = "watcher-Info.plist"; sourceTree = "<group>"; };
		E85FCBBC189C26470085F929 /* en */ = {isa = PBXFileReference; lastKnownFileType = text.plist.strings; name = en; path = en.lproj/InfoPlist.strings; sourceTree = "<group>"; };
		E85FCBBE189C26470085F929 /* main.m */ = {isa = PBXFileReference; lastKnownFileType = sourcecode.c.objc; path = main.m; sourceTree = "<group>"; };
		E85FCBC0189C26470085F929 /* watcher-Prefix.pch */ = {isa = PBXFileReference; lastKnownFileType = sourcecode.c.h; path = "watcher-Prefix.pch"; sourceTree = "<group>"; };
		E85FCBC1189C26470085F929 /* AppDelegate.h */ = {isa = PBXFileReference; lastKnownFileType = sourcecode.c.h; path = AppDelegate.h; sourceTree = "<group>"; };
		E85FCBC2189C26470085F929 /* AppDelegate.m */ = {isa = PBXFileReference; lastKnownFileType = sourcecode.c.objc; path = AppDelegate.m; sourceTree = "<group>"; };
		E85FCBC5189C26470085F929 /* Base */ = {isa = PBXFileReference; lastKnownFileType = file.storyboard; name = Base; path = Base.lproj/Main.storyboard; sourceTree = "<group>"; };
		E85FCBCA189C26470085F929 /* Images.xcassets */ = {isa = PBXFileReference; lastKnownFileType = folder.assetcatalog; path = Images.xcassets; sourceTree = "<group>"; };
		E85FCBD0189C26470085F929 /* watcherTests.xctest */ = {isa = PBXFileReference; explicitFileType = wrapper.cfbundle; includeInIndex = 0; path = watcherTests.xctest; sourceTree = BUILT_PRODUCTS_DIR; };
		E85FCBD1189C26470085F929 /* XCTest.framework */ = {isa = PBXFileReference; lastKnownFileType = wrapper.framework; name = XCTest.framework; path = Library/Frameworks/XCTest.framework; sourceTree = DEVELOPER_DIR; };
		E85FCBD9189C26470085F929 /* watcherTests-Info.plist */ = {isa = PBXFileReference; lastKnownFileType = text.plist.xml; path = "watcherTests-Info.plist"; sourceTree = "<group>"; };
		E85FCBDB189C26470085F929 /* en */ = {isa = PBXFileReference; lastKnownFileType = text.plist.strings; name = en; path = en.lproj/InfoPlist.strings; sourceTree = "<group>"; };
		E85FCBDD189C26470085F929 /* watcherTests.m */ = {isa = PBXFileReference; lastKnownFileType = sourcecode.c.objc; path = watcherTests.m; sourceTree = "<group>"; };
		E85FCBE7189C26C30085F929 /* TableViewController.h */ = {isa = PBXFileReference; fileEncoding = 4; lastKnownFileType = sourcecode.c.h; path = TableViewController.h; sourceTree = "<group>"; };
		E85FCBE8189C26C30085F929 /* TableViewController.m */ = {isa = PBXFileReference; fileEncoding = 4; lastKnownFileType = sourcecode.c.objc; path = TableViewController.m; sourceTree = "<group>"; };
		E8AA25C818E202730077085B /* Setting.h */ = {isa = PBXFileReference; fileEncoding = 4; lastKnownFileType = sourcecode.c.h; name = Setting.h; path = ../Setting.h; sourceTree = "<group>"; };
		E8AA25C918E202730077085B /* Setting.m */ = {isa = PBXFileReference; fileEncoding = 4; lastKnownFileType = sourcecode.c.objc; name = Setting.m; path = ../Setting.m; sourceTree = "<group>"; };
		E8AB719418A7F4BF007F3773 /* AddNewCourseViewController.h */ = {isa = PBXFileReference; fileEncoding = 4; lastKnownFileType = sourcecode.c.h; name = AddNewCourseViewController.h; path = ../AddNewCourseViewController.h; sourceTree = "<group>"; };
		E8AB719518A7F4BF007F3773 /* AddNewCourseViewController.m */ = {isa = PBXFileReference; fileEncoding = 4; lastKnownFileType = sourcecode.c.objc; name = AddNewCourseViewController.m; path = ../AddNewCourseViewController.m; sourceTree = "<group>"; };
		E8AB719718A82904007F3773 /* staticData.h */ = {isa = PBXFileReference; fileEncoding = 4; lastKnownFileType = sourcecode.c.h; path = staticData.h; sourceTree = "<group>"; };
		E8AB719818A82904007F3773 /* staticData.m */ = {isa = PBXFileReference; fileEncoding = 4; lastKnownFileType = sourcecode.c.objc; path = staticData.m; sourceTree = "<group>"; };
		E8AB71A018A9F380007F3773 /* SectionDetailsViewController.h */ = {isa = PBXFileReference; fileEncoding = 4; lastKnownFileType = sourcecode.c.h; name = SectionDetailsViewController.h; path = ../SectionDetailsViewController.h; sourceTree = "<group>"; };
		E8AB71A118A9F380007F3773 /* SectionDetailsViewController.m */ = {isa = PBXFileReference; fileEncoding = 4; lastKnownFileType = sourcecode.c.objc; name = SectionDetailsViewController.m; path = ../SectionDetailsViewController.m; sourceTree = "<group>"; };
		E8AC2EA718DE1E55002E9D5E /* NSString+Levenshtein.h */ = {isa = PBXFileReference; fileEncoding = 4; lastKnownFileType = sourcecode.c.h; path = "NSString+Levenshtein.h"; sourceTree = "<group>"; };
		E8AC2EA818DE1E55002E9D5E /* NSString+Levenshtein.m */ = {isa = PBXFileReference; fileEncoding = 4; lastKnownFileType = sourcecode.c.objc; path = "NSString+Levenshtein.m"; sourceTree = "<group>"; };
		E8AC2EAA18DE28A9002E9D5E /* prof_name.txt */ = {isa = PBXFileReference; lastKnownFileType = text; path = prof_name.txt; sourceTree = "<group>"; };
		E8E2EE6D189C3C970080DDCB /* AddTableViewController.h */ = {isa = PBXFileReference; fileEncoding = 4; lastKnownFileType = sourcecode.c.h; name = AddTableViewController.h; path = ../AddTableViewController.h; sourceTree = "<group>"; };
		E8E2EE6E189C3C970080DDCB /* AddTableViewController.m */ = {isa = PBXFileReference; fileEncoding = 4; lastKnownFileType = sourcecode.c.objc; name = AddTableViewController.m; path = ../AddTableViewController.m; sourceTree = "<group>"; };
/* End PBXFileReference section */

/* Begin PBXFrameworksBuildPhase section */
		E85FCBAC189C26470085F929 /* Frameworks */ = {
			isa = PBXFrameworksBuildPhase;
			buildActionMask = 2147483647;
			files = (
				E85FCBB5189C26470085F929 /* CoreGraphics.framework in Frameworks */,
				E85FCBB7189C26470085F929 /* UIKit.framework in Frameworks */,
				E85FCBB3189C26470085F929 /* Foundation.framework in Frameworks */,
			);
			runOnlyForDeploymentPostprocessing = 0;
		};
		E85FCBCD189C26470085F929 /* Frameworks */ = {
			isa = PBXFrameworksBuildPhase;
			buildActionMask = 2147483647;
			files = (
				E85FCBD2189C26470085F929 /* XCTest.framework in Frameworks */,
				E85FCBD4189C26470085F929 /* UIKit.framework in Frameworks */,
				E85FCBD3189C26470085F929 /* Foundation.framework in Frameworks */,
			);
			runOnlyForDeploymentPostprocessing = 0;
		};
/* End PBXFrameworksBuildPhase section */

/* Begin PBXGroup section */
		A415D35818B5B1790046682F /* appirater */ = {
			isa = PBXGroup;
			children = (
				A415D35918B5B1790046682F /* .gitignore */,
				A415D35A18B5B1790046682F /* Appirater.h */,
				A415D35B18B5B1790046682F /* Appirater.m */,
				A415D35C18B5B1790046682F /* Appirater.podspec */,
				A415D35D18B5B1790046682F /* AppiraterDelegate.h */,
				A415D35E18B5B1790046682F /* AppiraterLocalizable.strings */,
				A415D36118B5B1790046682F /* CHANGELOG.md */,
				A415D37618B5B1790046682F /* README.md */,
			);
			path = appirater;
			sourceTree = SOURCE_ROOT;
		};
		A4500996191916A3006B249C /* ios */ = {
			isa = PBXGroup;
			children = (
				A4500997191916A3006B249C /* Icon-72.png */,
				A4500998191916A3006B249C /* Icon-72@2x.png */,
				A4500999191916A3006B249C /* Icon-Small-50.png */,
				A450099A191916A3006B249C /* Icon-Small-50@2x.png */,
				A450099B191916A3006B249C /* Icon-Small.png */,
				A450099C191916A3006B249C /* Icon-Small@2x.png */,
				A450099D191916A3006B249C /* Icon.png */,
				A450099E191916A3006B249C /* Icon@2x.png */,
				A450099F191916A3006B249C /* iTunesArtwork.png */,
				A45009A0191916A3006B249C /* iTunesArtwork@2x.png */,
			);
			path = ios;
			sourceTree = "<group>";
		};
		A45009AB191916AA006B249C /* ios7 */ = {
			isa = PBXGroup;
			children = (
				A45009AC191916AA006B249C /* Icon-40.png */,
				A45009AD191916AA006B249C /* Icon-40@2x.png */,
				A45009AE191916AA006B249C /* Icon-60.png */,
				A45009AF191916AA006B249C /* Icon-60@2x.png */,
				A45009B0191916AA006B249C /* Icon-72.png */,
				A45009B1191916AA006B249C /* Icon-72@2x.png */,
				A45009B2191916AA006B249C /* Icon-76.png */,
				A45009B3191916AA006B249C /* Icon-76@2x.png */,
				A45009B4191916AA006B249C /* Icon-Small-50.png */,
				A45009B5191916AA006B249C /* Icon-Small-50@2x.png */,
				A45009B6191916AA006B249C /* Icon-Small.png */,
				A45009B7191916AA006B249C /* Icon-Small@2x.png */,
				A45009B8191916AA006B249C /* Icon.png */,
				A45009B9191916AA006B249C /* Icon@2x.png */,
				A45009BA191916AA006B249C /* iTunesArtwork.png */,
				A45009BB191916AA006B249C /* iTunesArtwork@2x.png */,
			);
			name = ios7;
			path = ios/ios7;
			sourceTree = "<group>";
		};
		A497398C18C43458008D4D67 /* searchProf and setting */ = {
			isa = PBXGroup;
			children = (
				E8AA25C818E202730077085B /* Setting.h */,
				E8AA25C918E202730077085B /* Setting.m */,
				A497397A18C3D7EC008D4D67 /* profSearchView.h */,
				A497397B18C3D7EC008D4D67 /* profSearchView.m */,
				E8AC2EA718DE1E55002E9D5E /* NSString+Levenshtein.h */,
				E8AC2EA818DE1E55002E9D5E /* NSString+Levenshtein.m */,
				A497397718C3D4FC008D4D67 /* profDetailViewViewController.h */,
				A497397818C3D4FC008D4D67 /* profDetailViewViewController.m */,
				A497399318C4579F008D4D67 /* SettingViewController.h */,
				A497399418C4579F008D4D67 /* SettingViewController.m */,
				A45009CE191942AB006B249C /* About.h */,
				A45009CF191942AB006B249C /* About.m */,
			);
			name = "searchProf and setting";
			sourceTree = "<group>";
		};
		A49739B218C51A7A008D4D67 /* background pics */ = {
			isa = PBXGroup;
			children = (
				A450098F19103670006B249C /* Pixels-Color-Shades-Light-1136x640.jpg */,
				A49739B718C51AAC008D4D67 /* background2.jpg */,
				A49739B518C51AA4008D4D67 /* background4.jpg */,
				A49739B318C51A9B008D4D67 /* background3.jpg */,
				A4AC064418AEE94100012FE5 /* background pic.jpg */,
			);
			name = "background pics";
			sourceTree = "<group>";
		};
		A4F5E26A18B5578600147B04 /* ratemyprof */ = {
			isa = PBXGroup;
			children = (
				A4F5E26B18B5578600147B04 /* waterloo_prof.txt */,
				A49739B918C557BA008D4D67 /* hotness.png */,
				A433FB5218B944D000A6738B /* testfile.txt */,
				A4F5E26C18B5578600147B04 /* ut_mgmt.txt */,
				A4F5E26D18B5578600147B04 /* utm.txt */,
				A4F5E26E18B5578600147B04 /* ut.txt */,
				A4F5E26F18B5578600147B04 /* utsg.txt */,
				A4F5E27018B5578600147B04 /* utsc.txt */,
			);
			path = ratemyprof;
			sourceTree = SOURCE_ROOT;
		};
		E85FCBA6189C26470085F929 = {
			isa = PBXGroup;
			children = (
				A45009CD19193C22006B249C /* Default-568h@2x.png */,
				A45009CC19193C14006B249C /* Default-568h@2x.png */,
				A450099119103816006B249C /* Default-568h@2x.png */,
				A4500955191023B6006B249C /* image2.png */,
				A450095319102259006B249C /* image.png */,
				E8AC2EAA18DE28A9002E9D5E /* prof_name.txt */,
				A450099419129919006B249C /* Default.png */,
				E85FCBB8189C26470085F929 /* watcher */,
				E85FCBD7189C26470085F929 /* watcherTests */,
				E85FCBB1189C26470085F929 /* Frameworks */,
				E85FCBB0189C26470085F929 /* Products */,
			);
			sourceTree = "<group>";
		};
		E85FCBB0189C26470085F929 /* Products */ = {
			isa = PBXGroup;
			children = (
				E85FCBAF189C26470085F929 /* watcher.app */,
				E85FCBD0189C26470085F929 /* watcherTests.xctest */,
			);
			name = Products;
			sourceTree = "<group>";
		};
		E85FCBB1189C26470085F929 /* Frameworks */ = {
			isa = PBXGroup;
			children = (
				E85FCBB2189C26470085F929 /* Foundation.framework */,
				E85FCBB4189C26470085F929 /* CoreGraphics.framework */,
				E85FCBB6189C26470085F929 /* UIKit.framework */,
				E85FCBD1189C26470085F929 /* XCTest.framework */,
			);
			name = Frameworks;
			sourceTree = "<group>";
		};
		E85FCBB8189C26470085F929 /* watcher */ = {
			isa = PBXGroup;
			children = (
				A497398C18C43458008D4D67 /* searchProf and setting */,
				A415D35818B5B1790046682F /* appirater */,
				E8AA25CB18E202B20077085B /* watcher views */,
				E85FCBC1189C26470085F929 /* AppDelegate.h */,
				E85FCBC2189C26470085F929 /* AppDelegate.m */,
				E85FCBC4189C26470085F929 /* Main.storyboard */,
				E85FCBCA189C26470085F929 /* Images.xcassets */,
				E85FCBB9189C26470085F929 /* Supporting Files */,
				E8AB719718A82904007F3773 /* staticData.h */,
				E8AB719818A82904007F3773 /* staticData.m */,
				A40ACE9718B184F300059AA1 /* light blue wallpaper hd.jpg */,
			);
			path = watcher;
			sourceTree = "<group>";
		};
		E85FCBB9189C26470085F929 /* Supporting Files */ = {
			isa = PBXGroup;
			children = (
				A45009AB191916AA006B249C /* ios7 */,
				A4500996191916A3006B249C /* ios */,
				A49739B218C51A7A008D4D67 /* background pics */,
				A4F5E26A18B5578600147B04 /* ratemyprof */,
				A497398518C42F41008D4D67 /* search.png */,
				E85FCBBA189C26470085F929 /* watcher-Info.plist */,
				E85FCBBB189C26470085F929 /* InfoPlist.strings */,
				E85FCBBE189C26470085F929 /* main.m */,
				E85FCBC0189C26470085F929 /* watcher-Prefix.pch */,
			);
			name = "Supporting Files";
			sourceTree = "<group>";
		};
		E85FCBD7189C26470085F929 /* watcherTests */ = {
			isa = PBXGroup;
			children = (
				E85FCBDD189C26470085F929 /* watcherTests.m */,
				E85FCBD8189C26470085F929 /* Supporting Files */,
			);
			path = watcherTests;
			sourceTree = "<group>";
		};
		E85FCBD8189C26470085F929 /* Supporting Files */ = {
			isa = PBXGroup;
			children = (
				E85FCBD9189C26470085F929 /* watcherTests-Info.plist */,
				E85FCBDA189C26470085F929 /* InfoPlist.strings */,
			);
			name = "Supporting Files";
			sourceTree = "<group>";
		};
		E8AA25CB18E202B20077085B /* watcher views */ = {
			isa = PBXGroup;
			children = (
				E8AB71A018A9F380007F3773 /* SectionDetailsViewController.h */,
				E8AB71A118A9F380007F3773 /* SectionDetailsViewController.m */,
				E8AB719418A7F4BF007F3773 /* AddNewCourseViewController.h */,
				E8AB719518A7F4BF007F3773 /* AddNewCourseViewController.m */,
				E8E2EE6D189C3C970080DDCB /* AddTableViewController.h */,
				E8E2EE6E189C3C970080DDCB /* AddTableViewController.m */,
				E85FCBE7189C26C30085F929 /* TableViewController.h */,
				E85FCBE8189C26C30085F929 /* TableViewController.m */,
			);
			name = "watcher views";
			sourceTree = "<group>";
		};
/* End PBXGroup section */

/* Begin PBXNativeTarget section */
		E85FCBAE189C26470085F929 /* watcher */ = {
			isa = PBXNativeTarget;
			buildConfigurationList = E85FCBE1189C26470085F929 /* Build configuration list for PBXNativeTarget "watcher" */;
			buildPhases = (
				E85FCBAB189C26470085F929 /* Sources */,
				E85FCBAC189C26470085F929 /* Frameworks */,
				E85FCBAD189C26470085F929 /* Resources */,
			);
			buildRules = (
			);
			dependencies = (
			);
			name = watcher;
			productName = watcher;
			productReference = E85FCBAF189C26470085F929 /* watcher.app */;
			productType = "com.apple.product-type.application";
		};
		E85FCBCF189C26470085F929 /* watcherTests */ = {
			isa = PBXNativeTarget;
			buildConfigurationList = E85FCBE4189C26470085F929 /* Build configuration list for PBXNativeTarget "watcherTests" */;
			buildPhases = (
				E85FCBCC189C26470085F929 /* Sources */,
				E85FCBCD189C26470085F929 /* Frameworks */,
				E85FCBCE189C26470085F929 /* Resources */,
			);
			buildRules = (
			);
			dependencies = (
				E85FCBD6189C26470085F929 /* PBXTargetDependency */,
			);
			name = watcherTests;
			productName = watcherTests;
			productReference = E85FCBD0189C26470085F929 /* watcherTests.xctest */;
			productType = "com.apple.product-type.bundle.unit-test";
		};
/* End PBXNativeTarget section */

/* Begin PBXProject section */
		E85FCBA7189C26470085F929 /* Project object */ = {
			isa = PBXProject;
			attributes = {
				LastUpgradeCheck = 0500;
				ORGANIZATIONNAME = "Alex Wang";
				TargetAttributes = {
					E85FCBAE189C26470085F929 = {
						DevelopmentTeam = XT922THC89;
						SystemCapabilities = {
							com.apple.BackgroundModes = {
								enabled = 1;
							};
						};
					};
					E85FCBCF189C26470085F929 = {
						TestTargetID = E85FCBAE189C26470085F929;
					};
				};
			};
			buildConfigurationList = E85FCBAA189C26470085F929 /* Build configuration list for PBXProject "watcher" */;
			compatibilityVersion = "Xcode 3.2";
			developmentRegion = English;
			hasScannedForEncodings = 0;
			knownRegions = (
				en,
				Base,
				ar,
				ca,
				cs,
				da,
				de,
				el,
				es,
				fi,
				fr,
				he,
				hu,
				id,
				it,
				ja,
				ko,
				ms,
				nb,
				nl,
				pl,
				"pt-BR",
				pt,
				ro,
				ru,
				sk,
				sv,
				th,
				tr,
				ua,
				vi,
				"zh-Hans",
				"zh-Hant",
			);
			mainGroup = E85FCBA6189C26470085F929;
			productRefGroup = E85FCBB0189C26470085F929 /* Products */;
			projectDirPath = "";
			projectRoot = "";
			targets = (
				E85FCBAE189C26470085F929 /* watcher */,
				E85FCBCF189C26470085F929 /* watcherTests */,
			);
		};
/* End PBXProject section */

/* Begin PBXResourcesBuildPhase section */
		E85FCBAD189C26470085F929 /* Resources */ = {
			isa = PBXResourcesBuildPhase;
			buildActionMask = 2147483647;
			files = (
				A45009A7191916A3006B249C /* Icon.png in Resources */,
				A45009CB191916AA006B249C /* iTunesArtwork@2x.png in Resources */,
				E8AC2EAB18DE28A9002E9D5E /* prof_name.txt in Resources */,
				A45009C8191916AA006B249C /* Icon.png in Resources */,
				A4F5E27618B5578600147B04 /* utsc.txt in Resources */,
				A45009C5191916AA006B249C /* Icon-Small-50@2x.png in Resources */,
				A497398618C42F41008D4D67 /* search.png in Resources */,
				E85FCBCB189C26470085F929 /* Images.xcassets in Resources */,
				A45009C0191916AA006B249C /* Icon-72.png in Resources */,
				A40ACE9818B184F300059AA1 /* light blue wallpaper hd.jpg in Resources */,
				A45009A9191916A3006B249C /* iTunesArtwork.png in Resources */,
				A45009A1191916A3006B249C /* Icon-72.png in Resources */,
				A433FB5318B944D000A6738B /* testfile.txt in Resources */,
				A45009BD191916AA006B249C /* Icon-40@2x.png in Resources */,
				A45009C9191916AA006B249C /* Icon@2x.png in Resources */,
				A45009BE191916AA006B249C /* Icon-60.png in Resources */,
				A415D38518B5B1790046682F /* CHANGELOG.md in Resources */,
				A45009A8191916A3006B249C /* Icon@2x.png in Resources */,
				A4F5E27518B5578600147B04 /* utsg.txt in Resources */,
				A4F5E27218B5578600147B04 /* ut_mgmt.txt in Resources */,
				A49739B418C51A9B008D4D67 /* background3.jpg in Resources */,
				A45009C2191916AA006B249C /* Icon-76.png in Resources */,
				A4F5E27318B5578600147B04 /* utm.txt in Resources */,
				A45009C1191916AA006B249C /* Icon-72@2x.png in Resources */,
				A45009AA191916A3006B249C /* iTunesArtwork@2x.png in Resources */,
				A450099519129919006B249C /* Default.png in Resources */,
				A49739B618C51AA4008D4D67 /* background4.jpg in Resources */,
				A45009BC191916AA006B249C /* Icon-40.png in Resources */,
				A4500956191023B6006B249C /* image2.png in Resources */,
				A45009C4191916AA006B249C /* Icon-Small-50.png in Resources */,
				A45009C7191916AA006B249C /* Icon-Small@2x.png in Resources */,
				A4AC064518AEE94100012FE5 /* background pic.jpg in Resources */,
				A45009A5191916A3006B249C /* Icon-Small.png in Resources */,
				A49739BA18C557BA008D4D67 /* hotness.png in Resources */,
				A45009C3191916AA006B249C /* Icon-76@2x.png in Resources */,
				A450099019103670006B249C /* Pixels-Color-Shades-Light-1136x640.jpg in Resources */,
				A45009C6191916AA006B249C /* Icon-Small.png in Resources */,
				E85FCBBD189C26470085F929 /* InfoPlist.strings in Resources */,
				A45009A2191916A3006B249C /* Icon-72@2x.png in Resources */,
				A45009A6191916A3006B249C /* Icon-Small@2x.png in Resources */,
				A45009BF191916AA006B249C /* Icon-60@2x.png in Resources */,
				A415D38418B5B1790046682F /* AppiraterLocalizable.strings in Resources */,
				A4F5E27118B5578600147B04 /* waterloo_prof.txt in Resources */,
				A415D38618B5B1790046682F /* README.md in Resources */,
				A49739B818C51AAC008D4D67 /* background2.jpg in Resources */,
				A450095419102259006B249C /* image.png in Resources */,
				E85FCBC6189C26470085F929 /* Main.storyboard in Resources */,
				A45009CA191916AA006B249C /* iTunesArtwork.png in Resources */,
				A4F5E27418B5578600147B04 /* ut.txt in Resources */,
				A45009A4191916A3006B249C /* Icon-Small-50@2x.png in Resources */,
				A45009A3191916A3006B249C /* Icon-Small-50.png in Resources */,
				A415D38318B5B1790046682F /* Appirater.podspec in Resources */,
				A415D38118B5B1790046682F /* .gitignore in Resources */,
			);
			runOnlyForDeploymentPostprocessing = 0;
		};
		E85FCBCE189C26470085F929 /* Resources */ = {
			isa = PBXResourcesBuildPhase;
			buildActionMask = 2147483647;
			files = (
				E85FCBDC189C26470085F929 /* InfoPlist.strings in Resources */,
			);
			runOnlyForDeploymentPostprocessing = 0;
		};
/* End PBXResourcesBuildPhase section */

/* Begin PBXSourcesBuildPhase section */
		E85FCBAB189C26470085F929 /* Sources */ = {
			isa = PBXSourcesBuildPhase;
			buildActionMask = 2147483647;
			files = (
				E8AA25CA18E202730077085B /* Setting.m in Sources */,
				A415D38218B5B1790046682F /* Appirater.m in Sources */,
				A497397C18C3D7EC008D4D67 /* profSearchView.m in Sources */,
				E85FCBC3189C26470085F929 /* AppDelegate.m in Sources */,
				E85FCBE9189C26C30085F929 /* TableViewController.m in Sources */,
				E8AB71A218A9F380007F3773 /* SectionDetailsViewController.m in Sources */,
				E8AB719618A7F4BF007F3773 /* AddNewCourseViewController.m in Sources */,
				A45009D0191942AB006B249C /* About.m in Sources */,
				E8AB719918A82904007F3773 /* staticData.m in Sources */,
				E85FCBBF189C26470085F929 /* main.m in Sources */,
				E8E2EE6F189C3C970080DDCB /* AddTableViewController.m in Sources */,
				E8AC2EA918DE1E55002E9D5E /* NSString+Levenshtein.m in Sources */,
				A497399518C4579F008D4D67 /* SettingViewController.m in Sources */,
				A497397918C3D4FC008D4D67 /* profDetailViewViewController.m in Sources */,
			);
			runOnlyForDeploymentPostprocessing = 0;
		};
		E85FCBCC189C26470085F929 /* Sources */ = {
			isa = PBXSourcesBuildPhase;
			buildActionMask = 2147483647;
			files = (
				E85FCBDE189C26470085F929 /* watcherTests.m in Sources */,
			);
			runOnlyForDeploymentPostprocessing = 0;
		};
/* End PBXSourcesBuildPhase section */

/* Begin PBXTargetDependency section */
		E85FCBD6189C26470085F929 /* PBXTargetDependency */ = {
			isa = PBXTargetDependency;
			target = E85FCBAE189C26470085F929 /* watcher */;
			targetProxy = E85FCBD5189C26470085F929 /* PBXContainerItemProxy */;
		};
/* End PBXTargetDependency section */

/* Begin PBXVariantGroup section */
		A415D35E18B5B1790046682F /* AppiraterLocalizable.strings */ = {
			isa = PBXVariantGroup;
			children = (
				A415D35F18B5B1790046682F /* ar */,
				A415D36018B5B1790046682F /* ca */,
				A415D36218B5B1790046682F /* cs */,
				A415D36318B5B1790046682F /* da */,
				A415D36418B5B1790046682F /* de */,
				A415D36518B5B1790046682F /* el */,
				A415D36618B5B1790046682F /* en */,
				A415D36718B5B1790046682F /* es */,
				A415D36818B5B1790046682F /* fi */,
				A415D36918B5B1790046682F /* fr */,
				A415D36A18B5B1790046682F /* he */,
				A415D36B18B5B1790046682F /* hu */,
				A415D36C18B5B1790046682F /* id */,
				A415D36D18B5B1790046682F /* it */,
				A415D36E18B5B1790046682F /* ja */,
				A415D36F18B5B1790046682F /* ko */,
				A415D37018B5B1790046682F /* ms */,
				A415D37118B5B1790046682F /* nb */,
				A415D37218B5B1790046682F /* nl */,
				A415D37318B5B1790046682F /* pl */,
				A415D37418B5B1790046682F /* pt-BR */,
				A415D37518B5B1790046682F /* pt */,
				A415D37718B5B1790046682F /* ro */,
				A415D37818B5B1790046682F /* ru */,
				A415D37918B5B1790046682F /* sk */,
				A415D37A18B5B1790046682F /* sv */,
				A415D37B18B5B1790046682F /* th */,
				A415D37C18B5B1790046682F /* tr */,
				A415D37D18B5B1790046682F /* ua */,
				A415D37E18B5B1790046682F /* vi */,
				A415D37F18B5B1790046682F /* zh-Hans */,
				A415D38018B5B1790046682F /* zh-Hant */,
			);
			name = AppiraterLocalizable.strings;
			sourceTree = "<group>";
		};
		E85FCBBB189C26470085F929 /* InfoPlist.strings */ = {
			isa = PBXVariantGroup;
			children = (
				E85FCBBC189C26470085F929 /* en */,
			);
			name = InfoPlist.strings;
			sourceTree = "<group>";
		};
		E85FCBC4189C26470085F929 /* Main.storyboard */ = {
			isa = PBXVariantGroup;
			children = (
				E85FCBC5189C26470085F929 /* Base */,
			);
			name = Main.storyboard;
			sourceTree = "<group>";
		};
		E85FCBDA189C26470085F929 /* InfoPlist.strings */ = {
			isa = PBXVariantGroup;
			children = (
				E85FCBDB189C26470085F929 /* en */,
			);
			name = InfoPlist.strings;
			sourceTree = "<group>";
		};
/* End PBXVariantGroup section */

/* Begin XCBuildConfiguration section */
		E85FCBDF189C26470085F929 /* Debug */ = {
			isa = XCBuildConfiguration;
			buildSettings = {
				ALWAYS_SEARCH_USER_PATHS = NO;
				ARCHS = "$(ARCHS_STANDARD_INCLUDING_64_BIT)";
				CLANG_CXX_LANGUAGE_STANDARD = "gnu++0x";
				CLANG_CXX_LIBRARY = "libc++";
				CLANG_ENABLE_MODULES = YES;
				CLANG_ENABLE_OBJC_ARC = YES;
				CLANG_WARN_BOOL_CONVERSION = YES;
				CLANG_WARN_CONSTANT_CONVERSION = YES;
				CLANG_WARN_DIRECT_OBJC_ISA_USAGE = YES_ERROR;
				CLANG_WARN_EMPTY_BODY = YES;
				CLANG_WARN_ENUM_CONVERSION = YES;
				CLANG_WARN_INT_CONVERSION = YES;
				CLANG_WARN_OBJC_ROOT_CLASS = YES_ERROR;
				CLANG_WARN__DUPLICATE_METHOD_MATCH = YES;
				"CODE_SIGN_IDENTITY[sdk=iphoneos*]" = "iPhone Developer";
				COPY_PHASE_STRIP = NO;
				GCC_C_LANGUAGE_STANDARD = gnu99;
				GCC_DYNAMIC_NO_PIC = NO;
				GCC_OPTIMIZATION_LEVEL = 0;
				GCC_PREPROCESSOR_DEFINITIONS = (
					"DEBUG=1",
					"$(inherited)",
				);
				GCC_SYMBOLS_PRIVATE_EXTERN = NO;
				GCC_WARN_64_TO_32_BIT_CONVERSION = YES;
				GCC_WARN_ABOUT_RETURN_TYPE = YES_ERROR;
				GCC_WARN_UNDECLARED_SELECTOR = YES;
				GCC_WARN_UNINITIALIZED_AUTOS = YES;
				GCC_WARN_UNUSED_FUNCTION = YES;
				GCC_WARN_UNUSED_VARIABLE = YES;
				IPHONEOS_DEPLOYMENT_TARGET = 7.0;
				ONLY_ACTIVE_ARCH = YES;
				SDKROOT = iphoneos;
			};
			name = Debug;
		};
		E85FCBE0189C26470085F929 /* Release */ = {
			isa = XCBuildConfiguration;
			buildSettings = {
				ALWAYS_SEARCH_USER_PATHS = NO;
				ARCHS = "$(ARCHS_STANDARD_INCLUDING_64_BIT)";
				CLANG_CXX_LANGUAGE_STANDARD = "gnu++0x";
				CLANG_CXX_LIBRARY = "libc++";
				CLANG_ENABLE_MODULES = YES;
				CLANG_ENABLE_OBJC_ARC = YES;
				CLANG_WARN_BOOL_CONVERSION = YES;
				CLANG_WARN_CONSTANT_CONVERSION = YES;
				CLANG_WARN_DIRECT_OBJC_ISA_USAGE = YES_ERROR;
				CLANG_WARN_EMPTY_BODY = YES;
				CLANG_WARN_ENUM_CONVERSION = YES;
				CLANG_WARN_INT_CONVERSION = YES;
				CLANG_WARN_OBJC_ROOT_CLASS = YES_ERROR;
				CLANG_WARN__DUPLICATE_METHOD_MATCH = YES;
				"CODE_SIGN_IDENTITY[sdk=iphoneos*]" = "iPhone Developer";
				COPY_PHASE_STRIP = YES;
				ENABLE_NS_ASSERTIONS = NO;
				GCC_C_LANGUAGE_STANDARD = gnu99;
				GCC_WARN_64_TO_32_BIT_CONVERSION = YES;
				GCC_WARN_ABOUT_RETURN_TYPE = YES_ERROR;
				GCC_WARN_UNDECLARED_SELECTOR = YES;
				GCC_WARN_UNINITIALIZED_AUTOS = YES;
				GCC_WARN_UNUSED_FUNCTION = YES;
				GCC_WARN_UNUSED_VARIABLE = YES;
				IPHONEOS_DEPLOYMENT_TARGET = 7.0;
				SDKROOT = iphoneos;
				VALIDATE_PRODUCT = YES;
			};
			name = Release;
		};
		E85FCBE2189C26470085F929 /* Debug */ = {
			isa = XCBuildConfiguration;
			buildSettings = {
				ASSETCATALOG_COMPILER_APPICON_NAME = AppIcon;
				CODE_SIGN_IDENTITY = "iPhone Developer";
				GCC_PRECOMPILE_PREFIX_HEADER = YES;
				GCC_PREFIX_HEADER = "watcher/watcher-Prefix.pch";
				INFOPLIST_FILE = "watcher/watcher-Info.plist";
				IPHONEOS_DEPLOYMENT_TARGET = 7.0;
				PRODUCT_NAME = "$(TARGET_NAME)";
				WRAPPER_EXTENSION = app;
			};
			name = Debug;
		};
		E85FCBE3189C26470085F929 /* Release */ = {
			isa = XCBuildConfiguration;
			buildSettings = {
				ASSETCATALOG_COMPILER_APPICON_NAME = AppIcon;
				CODE_SIGN_IDENTITY = "iPhone Developer";
				GCC_PRECOMPILE_PREFIX_HEADER = YES;
				GCC_PREFIX_HEADER = "watcher/watcher-Prefix.pch";
				INFOPLIST_FILE = "watcher/watcher-Info.plist";
				IPHONEOS_DEPLOYMENT_TARGET = 7.0;
				PRODUCT_NAME = "$(TARGET_NAME)";
				WRAPPER_EXTENSION = app;
			};
			name = Release;
		};
		E85FCBE5189C26470085F929 /* Debug */ = {
			isa = XCBuildConfiguration;
			buildSettings = {
				ARCHS = "$(ARCHS_STANDARD_INCLUDING_64_BIT)";
				BUNDLE_LOADER = "$(BUILT_PRODUCTS_DIR)/watcher.app/watcher";
				FRAMEWORK_SEARCH_PATHS = (
					"$(SDKROOT)/Developer/Library/Frameworks",
					"$(inherited)",
					"$(DEVELOPER_FRAMEWORKS_DIR)",
				);
				GCC_PRECOMPILE_PREFIX_HEADER = YES;
				GCC_PREFIX_HEADER = "watcher/watcher-Prefix.pch";
				GCC_PREPROCESSOR_DEFINITIONS = (
					"DEBUG=1",
					"$(inherited)",
				);
				INFOPLIST_FILE = "watcherTests/watcherTests-Info.plist";
				PRODUCT_NAME = "$(TARGET_NAME)";
				TEST_HOST = "$(BUNDLE_LOADER)";
				WRAPPER_EXTENSION = xctest;
			};
			name = Debug;
		};
		E85FCBE6189C26470085F929 /* Release */ = {
			isa = XCBuildConfiguration;
			buildSettings = {
				ARCHS = "$(ARCHS_STANDARD_INCLUDING_64_BIT)";
				BUNDLE_LOADER = "$(BUILT_PRODUCTS_DIR)/watcher.app/watcher";
				FRAMEWORK_SEARCH_PATHS = (
					"$(SDKROOT)/Developer/Library/Frameworks",
					"$(inherited)",
					"$(DEVELOPER_FRAMEWORKS_DIR)",
				);
				GCC_PRECOMPILE_PREFIX_HEADER = YES;
				GCC_PREFIX_HEADER = "watcher/watcher-Prefix.pch";
				INFOPLIST_FILE = "watcherTests/watcherTests-Info.plist";
				PRODUCT_NAME = "$(TARGET_NAME)";
				TEST_HOST = "$(BUNDLE_LOADER)";
				WRAPPER_EXTENSION = xctest;
			};
			name = Release;
		};
/* End XCBuildConfiguration section */

/* Begin XCConfigurationList section */
		E85FCBAA189C26470085F929 /* Build configuration list for PBXProject "watcher" */ = {
			isa = XCConfigurationList;
			buildConfigurations = (
				E85FCBDF189C26470085F929 /* Debug */,
				E85FCBE0189C26470085F929 /* Release */,
			);
			defaultConfigurationIsVisible = 0;
			defaultConfigurationName = Release;
		};
		E85FCBE1189C26470085F929 /* Build configuration list for PBXNativeTarget "watcher" */ = {
			isa = XCConfigurationList;
			buildConfigurations = (
				E85FCBE2189C26470085F929 /* Debug */,
				E85FCBE3189C26470085F929 /* Release */,
			);
			defaultConfigurationIsVisible = 0;
			defaultConfigurationName = Release;
		};
		E85FCBE4189C26470085F929 /* Build configuration list for PBXNativeTarget "watcherTests" */ = {
			isa = XCConfigurationList;
			buildConfigurations = (
				E85FCBE5189C26470085F929 /* Debug */,
				E85FCBE6189C26470085F929 /* Release */,
			);
			defaultConfigurationIsVisible = 0;
			defaultConfigurationName = Release;
		};
/* End XCConfigurationList section */
	};
	rootObject = E85FCBA7189C26470085F929 /* Project object */;
}
